{
  "name": "create-replicate-app",
  "version": "1.1.1",
  "lockfileVersion": 3,
  "requires": true,
  "packages": {
    "": {
      "name": "create-replicate-app",
      "version": "1.1.1",
      "license": "MIT",
      "dependencies": {
        "all-the-public-replicate-models": "^1.97.0",
        "json5": "^2.2.3",
        "minimist": "^1.2.8"
      },
      "bin": {
        "create-replicate-app": "index.cjs"
      },
      "engines": {
        "node": ">=18"
      }
    },
    "node_modules/all-the-public-replicate-models": {
      "version": "1.97.0",
      "resolved": "https://registry.npmjs.org/all-the-public-replicate-models/-/all-the-public-replicate-models-1.97.0.tgz",
      "integrity": "sha512-e0lRUWuo1dmw88mn524FTHvSuI7lbyLPGjOZQwcl+BixTPMPk+r5w5/wq0LltBwgHavMzRsJszehlili1jdUag==",
      "bin": {
        "all-the-public-replicate-models": "cli.js",
        "all-the-replicate-models": "cli.js",
        "replicate-models": "cli.js"
      },
      "engines": {
        "node": ">=18"
      }
    },
    "node_modules/json5": {
      "version": "2.2.3",
      "resolved": "https://registry.npmjs.org/json5/-/json5-2.2.3.tgz",
      "integrity": "sha512-XmOWe7eyHYH14cLdVPoyg+GOH3rYX++KpzrylJwSW98t3Nk+U8XOl8FWKOgwtzdb8lXGf6zYwDUzeHMWfxasyg==",
      "bin": {
        "json5": "lib/cli.js"
      },
      "engines": {
        "node": ">=6"
      }
    },
    "node_modules/minimist": {
      "version": "1.2.8",
      "resolved": "https://registry.npmjs.org/minimist/-/minimist-1.2.8.tgz",
      "integrity": "sha512-2yyAR8qBkN3YuheJanUpWC5U3bb5osDywNB8RzDVlDwDHbocAJveqqj1u8+SVD7jkWT4yvsHCpWqqWqAxb0zCA==",
      "funding": {
        "url": "https://github.com/sponsors/ljharb"
      }
    }
  }
}
